
Microsoft Visual Studio Solution File, Format Version 12.00
Project("{FAE04EC0-301F-11D3-BF4B-00C04F79EFBC}") = "FirstMonoGameProject", "FirstMonoGameProject.csproj", "{9BB1FCA4-5D19-4065-8B65-4059E3410A12}"
EndProject
Global
	GlobalSection(SolutionConfigurationPlatforms) = preSolution
		Debug|Any CPU = Debug|Any CPU
		Release|Any CPU = Release|Any CPU
	EndGlobalSection
	GlobalSection(ProjectConfigurationPlatforms) = postSolution
		{9BB1FCA4-5D19-4065-8B65-4059E3410A12}.Debug|Any CPU.ActiveCfg = Debug|Any CPU
		{9BB1FCA4-5D19-4065-8B65-4059E3410A12}.Debug|Any CPU.Build.0 = Debug|Any CPU
		{9BB1FCA4-5D19-4065-8B65-4059E3410A12}.Release|Any CPU.ActiveCfg = Release|Any CPU
		{9BB1FCA4-5D19-4065-8B65-4059E3410A12}.Release|Any CPU.Build.0 = Release|Any CPU
	EndGlobalSection
EndGlobal
