{
  "originHash" : "c1bf6cdfd6a9a850326fe3b5f4818d69bd6f37287c32b610bf067c4c06e567f8",
  "pins" : [
    {
      "identity" : "swiftformat",
      "kind" : "remoteSourceControl",
      "location" : "https://github.com/nicklockwood/SwiftFormat.git",
      "state" : {
        "revision" : "1a4e2fbfead4965b874e37cdff2f180091852f43",
        "version" : "0.54.2"
      }
    }
  ],
  "version" : 3
}